
Microsoft Visual Studio Solution File, Format Version 12.00
# Visual Studio Version 16
VisualStudioVersion = 16.0.30002.166
MinimumVisualStudioVersion = 10.0.40219.1
Project("{FAE04EC0-301F-11D3-BF4B-00C04F79EFBC}") = "Module05-TP02", "Module05-TP02\Module05-TP02.csproj", "{BDCD3C1A-4B1E-455F-AA6D-0394A7DB82DF}"
EndProject
Global
	GlobalSection(SolutionConfigurationPlatforms) = preSolution
		Debug|Any CPU = Debug|Any CPU
		Release|Any CPU = Release|Any CPU
	EndGlobalSection
	GlobalSection(ProjectConfigurationPlatforms) = postSolution
		{BDCD3C1A-4B1E-455F-AA6D-0394A7DB82DF}.Debug|Any CPU.ActiveCfg = Debug|Any CPU
		{BDCD3C1A-4B1E-455F-AA6D-0394A7DB82DF}.Debug|Any CPU.Build.0 = Debug|Any CPU
		{BDCD3C1A-4B1E-455F-AA6D-0394A7DB82DF}.Release|Any CPU.ActiveCfg = Release|Any CPU
		{BDCD3C1A-4B1E-455F-AA6D-0394A7DB82DF}.Release|Any CPU.Build.0 = Release|Any CPU
	EndGlobalSection
	GlobalSection(SolutionProperties) = preSolution
		HideSolutionNode = FALSE
	EndGlobalSection
	GlobalSection(ExtensibilityGlobals) = postSolution
		SolutionGuid = {E048F005-CCE0-4138-8C41-F824B6128725}
	EndGlobalSection
EndGlobal
